
Microsoft Visual Studio Solution File, Format Version 12.00
# Visual Studio 15
VisualStudioVersion = 15.0.26124.0
MinimumVisualStudioVersion = 15.0.26124.0
Project("{FAE04EC0-301F-11D3-BF4B-00C04F79EFBC}") = "API", "API\API.csproj", "{54FA7907-37C8-4838-9321-15D4335A0575}"
EndProject
Project("{FAE04EC0-301F-11D3-BF4B-00C04F79EFBC}") = "Core", "Core\Core.csproj", "{F20E5101-7BBD-4CE6-AB8B-36BC780BB33A}"
EndProject
Project("{FAE04EC0-301F-11D3-BF4B-00C04F79EFBC}") = "Infrastructure", "Infrastructure\Infrastructure.csproj", "{548D264A-9CC0-4ECD-8EDA-B73C371FBBFF}"
EndProject
Global
	GlobalSection(SolutionConfigurationPlatforms) = preSolution
		Debug|Any CPU = Debug|Any CPU
		Debug|x64 = Debug|x64
		Debug|x86 = Debug|x86
		Release|Any CPU = Release|Any CPU
		Release|x64 = Release|x64
		Release|x86 = Release|x86
	EndGlobalSection
	GlobalSection(SolutionProperties) = preSolution
		HideSolutionNode = FALSE
	EndGlobalSection
	GlobalSection(ProjectConfigurationPlatforms) = postSolution
		{54FA7907-37C8-4838-9321-15D4335A0575}.Debug|Any CPU.ActiveCfg = Debug|Any CPU
		{54FA7907-37C8-4838-9321-15D4335A0575}.Debug|Any CPU.Build.0 = Debug|Any CPU
		{54FA7907-37C8-4838-9321-15D4335A0575}.Debug|x64.ActiveCfg = Debug|Any CPU
		{54FA7907-37C8-4838-9321-15D4335A0575}.Debug|x64.Build.0 = Debug|Any CPU
		{54FA7907-37C8-4838-9321-15D4335A0575}.Debug|x86.ActiveCfg = Debug|Any CPU
		{54FA7907-37C8-4838-9321-15D4335A0575}.Debug|x86.Build.0 = Debug|Any CPU
		{54FA7907-37C8-4838-9321-15D4335A0575}.Release|Any CPU.ActiveCfg = Release|Any CPU
		{54FA7907-37C8-4838-9321-15D4335A0575}.Release|Any CPU.Build.0 = Release|Any CPU
		{54FA7907-37C8-4838-9321-15D4335A0575}.Release|x64.ActiveCfg = Release|Any CPU
		{54FA7907-37C8-4838-9321-15D4335A0575}.Release|x64.Build.0 = Release|Any CPU
		{54FA7907-37C8-4838-9321-15D4335A0575}.Release|x86.ActiveCfg = Release|Any CPU
		{54FA7907-37C8-4838-9321-15D4335A0575}.Release|x86.Build.0 = Release|Any CPU
		{F20E5101-7BBD-4CE6-AB8B-36BC780BB33A}.Debug|Any CPU.ActiveCfg = Debug|Any CPU
		{F20E5101-7BBD-4CE6-AB8B-36BC780BB33A}.Debug|Any CPU.Build.0 = Debug|Any CPU
		{F20E5101-7BBD-4CE6-AB8B-36BC780BB33A}.Debug|x64.ActiveCfg = Debug|Any CPU
		{F20E5101-7BBD-4CE6-AB8B-36BC780BB33A}.Debug|x64.Build.0 = Debug|Any CPU
		{F20E5101-7BBD-4CE6-AB8B-36BC780BB33A}.Debug|x86.ActiveCfg = Debug|Any CPU
		{F20E5101-7BBD-4CE6-AB8B-36BC780BB33A}.Debug|x86.Build.0 = Debug|Any CPU
		{F20E5101-7BBD-4CE6-AB8B-36BC780BB33A}.Release|Any CPU.ActiveCfg = Release|Any CPU
		{F20E5101-7BBD-4CE6-AB8B-36BC780BB33A}.Release|Any CPU.Build.0 = Release|Any CPU
		{F20E5101-7BBD-4CE6-AB8B-36BC780BB33A}.Release|x64.ActiveCfg = Release|Any CPU
		{F20E5101-7BBD-4CE6-AB8B-36BC780BB33A}.Release|x64.Build.0 = Release|Any CPU
		{F20E5101-7BBD-4CE6-AB8B-36BC780BB33A}.Release|x86.ActiveCfg = Release|Any CPU
		{F20E5101-7BBD-4CE6-AB8B-36BC780BB33A}.Release|x86.Build.0 = Release|Any CPU
		{548D264A-9CC0-4ECD-8EDA-B73C371FBBFF}.Debug|Any CPU.ActiveCfg = Debug|Any CPU
		{548D264A-9CC0-4ECD-8EDA-B73C371FBBFF}.Debug|Any CPU.Build.0 = Debug|Any CPU
		{548D264A-9CC0-4ECD-8EDA-B73C371FBBFF}.Debug|x64.ActiveCfg = Debug|Any CPU
		{548D264A-9CC0-4ECD-8EDA-B73C371FBBFF}.Debug|x64.Build.0 = Debug|Any CPU
		{548D264A-9CC0-4ECD-8EDA-B73C371FBBFF}.Debug|x86.ActiveCfg = Debug|Any CPU
		{548D264A-9CC0-4ECD-8EDA-B73C371FBBFF}.Debug|x86.Build.0 = Debug|Any CPU
		{548D264A-9CC0-4ECD-8EDA-B73C371FBBFF}.Release|Any CPU.ActiveCfg = Release|Any CPU
		{548D264A-9CC0-4ECD-8EDA-B73C371FBBFF}.Release|Any CPU.Build.0 = Release|Any CPU
		{548D264A-9CC0-4ECD-8EDA-B73C371FBBFF}.Release|x64.ActiveCfg = Release|Any CPU
		{548D264A-9CC0-4ECD-8EDA-B73C371FBBFF}.Release|x64.Build.0 = Release|Any CPU
		{548D264A-9CC0-4ECD-8EDA-B73C371FBBFF}.Release|x86.ActiveCfg = Release|Any CPU
		{548D264A-9CC0-4ECD-8EDA-B73C371FBBFF}.Release|x86.Build.0 = Release|Any CPU
	EndGlobalSection
EndGlobal
